github.com/michenriksen/hugo-theme-til v0.0.0-20241027141212-93479f142ec8 h1:8I4DlmVuSTBv1hMlmJpH2qdXUrauDuDo7XM0+JkCCts=
github.com/michenriksen/hugo-theme-til v0.0.0-20241027141212-93479f142ec8/go.mod h1:t9bPWV70WG1Xq6XNR15QJXvLN4XECyFZDBc44ixKg1s=
github.com/michenriksen/hugo-theme-til v0.0.0-20241027144536-883e830c5ac4 h1:Pygqj2LPbAOkUkthUvzpvGj+7KQ7Mmt45UWdnoraHR0=
github.com/michenriksen/hugo-theme-til v0.0.0-20241027144536-883e830c5ac4/go.mod h1:t9bPWV70WG1Xq6XNR15QJXvLN4XECyFZDBc44ixKg1s=
github.com/michenriksen/hugo-theme-til v0.2.0 h1:XF+/8jbixz3gC6VpkO9ZUWolNlUQY8wC93qcbwUbcZQ=
github.com/michenriksen/hugo-theme-til v0.2.0/go.mod h1:t9bPWV70WG1Xq6XNR15QJXvLN4XECyFZDBc44ixKg1s=
github.com/michenriksen/hugo-theme-til v0.3.0 h1:QYmYNnwhKvzPmTO8By0zTiAezbGzNoN34Y7HOMdqurI=
github.com/michenriksen/hugo-theme-til v0.3.0/go.mod h1:t9bPWV70WG1Xq6XNR15QJXvLN4XECyFZDBc44ixKg1s=
github.com/michenriksen/hugo-theme-til v0.4.0 h1:1CvLRz1pHF8Y8MW6MphWEkNsIejLH3vVxg8WvDApXFY=
github.com/michenriksen/hugo-theme-til v0.4.0/go.mod h1:t9bPWV70WG1Xq6XNR15QJXvLN4XECyFZDBc44ixKg1s=
github.com/michenriksen/hugo-theme-til v0.5.0 h1:QUPtVjfCxrstYlQ8kkYzxNUihVOwO+Ubn8K6H3HmZ2Q=
github.com/michenriksen/hugo-theme-til v0.5.0/go.mod h1:t9bPWV70WG1Xq6XNR15QJXvLN4XECyFZDBc44ixKg1s=
github.com/michenriksen/hugo-theme-til v0.5.1 h1:3PY+iX65hmEtv5Nk+QM6c7z/nYj55S1F8O50YAvI4PA=
github.com/michenriksen/hugo-theme-til v0.5.1/go.mod h1:t9bPWV70WG1Xq6XNR15QJXvLN4XECyFZDBc44ixKg1s=
github.com/michenriksen/hugo-theme-til v0.6.0 h1:ET/BWL1BTe8T46j/86PHyouiChMI08GPzSa7z8VufIg=
github.com/michenriksen/hugo-theme-til v0.6.0/go.mod h1:t9bPWV70WG1Xq6XNR15QJXvLN4XECyFZDBc44ixKg1s=
